
Microsoft Visual Studio Solution File, Format Version 12.00
# Visual Studio Version 16
VisualStudioVersion = 16.0.31605.320
MinimumVisualStudioVersion = 10.0.40219.1
Project("{FAE04EC0-301F-11D3-BF4B-00C04F79EFBC}") = "GovernmentProcurement_ClassDB", "GovernmentProcurement_ClassDB\GovernmentProcurement_ClassDB.csproj", "{5CF54C9A-EBE4-416E-A7FC-233479782172}"
EndProject
Project("{FAE04EC0-301F-11D3-BF4B-00C04F79EFBC}") = "GovernmentProcurement_Console", "GovernmentProcurement_Console\GovernmentProcurement_Console.csproj", "{56C84511-4BAF-4EE5-A900-ADD9D01A871B}"
EndProject
Global
	GlobalSection(SolutionConfigurationPlatforms) = preSolution
		Debug|Any CPU = Debug|Any CPU
		Release|Any CPU = Release|Any CPU
	EndGlobalSection
	GlobalSection(ProjectConfigurationPlatforms) = postSolution
		{5CF54C9A-EBE4-416E-A7FC-233479782172}.Debug|Any CPU.ActiveCfg = Debug|Any CPU
		{5CF54C9A-EBE4-416E-A7FC-233479782172}.Debug|Any CPU.Build.0 = Debug|Any CPU
		{5CF54C9A-EBE4-416E-A7FC-233479782172}.Release|Any CPU.ActiveCfg = Release|Any CPU
		{5CF54C9A-EBE4-416E-A7FC-233479782172}.Release|Any CPU.Build.0 = Release|Any CPU
		{56C84511-4BAF-4EE5-A900-ADD9D01A871B}.Debug|Any CPU.ActiveCfg = Debug|Any CPU
		{56C84511-4BAF-4EE5-A900-ADD9D01A871B}.Debug|Any CPU.Build.0 = Debug|Any CPU
		{56C84511-4BAF-4EE5-A900-ADD9D01A871B}.Release|Any CPU.ActiveCfg = Release|Any CPU
		{56C84511-4BAF-4EE5-A900-ADD9D01A871B}.Release|Any CPU.Build.0 = Release|Any CPU
	EndGlobalSection
	GlobalSection(SolutionProperties) = preSolution
		HideSolutionNode = FALSE
	EndGlobalSection
	GlobalSection(ExtensibilityGlobals) = postSolution
		SolutionGuid = {418B281C-3920-4AA0-A29D-5B2881679BF4}
	EndGlobalSection
EndGlobal
